# THIS IS AN AUTOGENERATED FILE. DO NOT EDIT THIS FILE DIRECTLY.
# yarn lockfile v1


big-integer@^1.5.4:
  version "1.6.28"
  resolved "https://registry.yarnpkg.com/big-integer/-/big-integer-1.6.28.tgz#8cef0fda3ccde8759c2c66efcfacc35aea658283"

cookie@^0.3.1:
  version "0.3.1"
  resolved "https://registry.yarnpkg.com/cookie/-/cookie-0.3.1.tgz#e7e0a1f9ef43b4c8ba925c5c5a96e806d16873bb"

hashlru@^2.0.0:
  version "2.2.1"
  resolved "https://registry.yarnpkg.com/hashlru/-/hashlru-2.2.1.tgz#10f2099a0d7c05a40f2beaf5c1d39cf2f7dabf36"

mmdb-reader@^1.1.0:
  version "1.1.0"
  resolved "https://registry.yarnpkg.com/mmdb-reader/-/mmdb-reader-1.1.0.tgz#5985cf5c33cdfc716a9823c6fe4e61b2558c05e1"
  dependencies:
    big-integer "^1.5.4"
    hashlru "^2.0.0"
